
Microsoft Visual Studio Solution File, Format Version 12.00
# Visual Studio Version 17
VisualStudioVersion = 17.3.32922.545
MinimumVisualStudioVersion = 10.0.40219.1
Project("{9A19103F-16F7-4668-BE54-9A1E7A4F7556}") = "PasswordManagement", "PasswordManagement\PasswordManagement.csproj", "{134A2F79-BD54-4E16-9473-362AAB8A03B8}"
EndProject
Project("{9A19103F-16F7-4668-BE54-9A1E7A4F7556}") = "PasswordManagement.Api", "PasswordManagement.Api\PasswordManagement.Api.csproj", "{398464D1-BED4-40D5-9D58-B3B945AF0773}"
EndProject
Project("{9A19103F-16F7-4668-BE54-9A1E7A4F7556}") = "PasswordManagement.DataModel", "PasswordManagement.DataModel\PasswordManagement.DataModel.csproj", "{CBB6A53E-DFA8-4BF7-9F89-46381F08C31D}"
EndProject
Global
	GlobalSection(SolutionConfigurationPlatforms) = preSolution
		Debug|Any CPU = Debug|Any CPU
		Release|Any CPU = Release|Any CPU
	EndGlobalSection
	GlobalSection(ProjectConfigurationPlatforms) = postSolution
		{134A2F79-BD54-4E16-9473-362AAB8A03B8}.Debug|Any CPU.ActiveCfg = Debug|Any CPU
		{134A2F79-BD54-4E16-9473-362AAB8A03B8}.Debug|Any CPU.Build.0 = Debug|Any CPU
		{134A2F79-BD54-4E16-9473-362AAB8A03B8}.Release|Any CPU.ActiveCfg = Release|Any CPU
		{134A2F79-BD54-4E16-9473-362AAB8A03B8}.Release|Any CPU.Build.0 = Release|Any CPU
		{398464D1-BED4-40D5-9D58-B3B945AF0773}.Debug|Any CPU.ActiveCfg = Debug|Any CPU
		{398464D1-BED4-40D5-9D58-B3B945AF0773}.Debug|Any CPU.Build.0 = Debug|Any CPU
		{398464D1-BED4-40D5-9D58-B3B945AF0773}.Release|Any CPU.ActiveCfg = Release|Any CPU
		{398464D1-BED4-40D5-9D58-B3B945AF0773}.Release|Any CPU.Build.0 = Release|Any CPU
		{CBB6A53E-DFA8-4BF7-9F89-46381F08C31D}.Debug|Any CPU.ActiveCfg = Debug|Any CPU
		{CBB6A53E-DFA8-4BF7-9F89-46381F08C31D}.Debug|Any CPU.Build.0 = Debug|Any CPU
		{CBB6A53E-DFA8-4BF7-9F89-46381F08C31D}.Release|Any CPU.ActiveCfg = Release|Any CPU
		{CBB6A53E-DFA8-4BF7-9F89-46381F08C31D}.Release|Any CPU.Build.0 = Release|Any CPU
	EndGlobalSection
	GlobalSection(SolutionProperties) = preSolution
		HideSolutionNode = FALSE
	EndGlobalSection
	GlobalSection(ExtensibilityGlobals) = postSolution
		SolutionGuid = {04189594-7F7A-4530-B718-767DE23A6BC0}
	EndGlobalSection
EndGlobal
